
Microsoft Visual Studio Solution File, Format Version 12.00
# Visual Studio Version 17
VisualStudioVersion = 17.3.32929.385
MinimumVisualStudioVersion = 10.0.40219.1
Project("{8BC9CEB8-8B4A-11D0-8D11-00A0C91BC942}") = "KV-RAT-Client", "KV-RAT-Client\KV-RAT-Client.vcxproj", "{D23E5358-7DFE-4B2D-9751-0FD4C609F24A}"
EndProject
Project("{8BC9CEB8-8B4A-11D0-8D11-00A0C91BC942}") = "KV-RAT-Server", "KV-RAT-Server\KV-RAT-Server.vcxproj", "{C146EC5F-60FB-427A-A5FA-F5DFB8CF0D59}"
EndProject
Global
	GlobalSection(SolutionConfigurationPlatforms) = preSolution
		Debug|x64 = Debug|x64
		Debug|x86 = Debug|x86
		Release|x64 = Release|x64
		Release|x86 = Release|x86
	EndGlobalSection
	GlobalSection(ProjectConfigurationPlatforms) = postSolution
		{D23E5358-7DFE-4B2D-9751-0FD4C609F24A}.Debug|x64.ActiveCfg = Debug|x64
		{D23E5358-7DFE-4B2D-9751-0FD4C609F24A}.Debug|x64.Build.0 = Debug|x64
		{D23E5358-7DFE-4B2D-9751-0FD4C609F24A}.Debug|x86.ActiveCfg = Debug|Win32
		{D23E5358-7DFE-4B2D-9751-0FD4C609F24A}.Debug|x86.Build.0 = Debug|Win32
		{D23E5358-7DFE-4B2D-9751-0FD4C609F24A}.Release|x64.ActiveCfg = Release|x64
		{D23E5358-7DFE-4B2D-9751-0FD4C609F24A}.Release|x64.Build.0 = Release|x64
		{D23E5358-7DFE-4B2D-9751-0FD4C609F24A}.Release|x86.ActiveCfg = Release|Win32
		{D23E5358-7DFE-4B2D-9751-0FD4C609F24A}.Release|x86.Build.0 = Release|Win32
		{C146EC5F-60FB-427A-A5FA-F5DFB8CF0D59}.Debug|x64.ActiveCfg = Debug|x64
		{C146EC5F-60FB-427A-A5FA-F5DFB8CF0D59}.Debug|x64.Build.0 = Debug|x64
		{C146EC5F-60FB-427A-A5FA-F5DFB8CF0D59}.Debug|x86.ActiveCfg = Debug|Win32
		{C146EC5F-60FB-427A-A5FA-F5DFB8CF0D59}.Debug|x86.Build.0 = Debug|Win32
		{C146EC5F-60FB-427A-A5FA-F5DFB8CF0D59}.Release|x64.ActiveCfg = Release|x64
		{C146EC5F-60FB-427A-A5FA-F5DFB8CF0D59}.Release|x64.Build.0 = Release|x64
		{C146EC5F-60FB-427A-A5FA-F5DFB8CF0D59}.Release|x86.ActiveCfg = Release|Win32
		{C146EC5F-60FB-427A-A5FA-F5DFB8CF0D59}.Release|x86.Build.0 = Release|Win32
	EndGlobalSection
	GlobalSection(SolutionProperties) = preSolution
		HideSolutionNode = FALSE
	EndGlobalSection
	GlobalSection(ExtensibilityGlobals) = postSolution
		SolutionGuid = {A17C6F5A-9371-4630-96BC-875B96E5B0FF}
	EndGlobalSection
EndGlobal
